
Microsoft Visual Studio Solution File, Format Version 12.00
# Visual Studio 2012
Project("{FAE04EC0-301F-11D3-BF4B-00C04F79EFBC}") = "JoeServer", "JoeServer.csproj", "{04D8FBFB-4EC0-42EF-AB95-6D278974B754}"
EndProject
Global
	GlobalSection(SolutionConfigurationPlatforms) = preSolution
		Debug|Any CPU = Debug|Any CPU
		Release|Any CPU = Release|Any CPU
	EndGlobalSection
	GlobalSection(ProjectConfigurationPlatforms) = postSolution
		{04D8FBFB-4EC0-42EF-AB95-6D278974B754}.Debug|Any CPU.ActiveCfg = Debug|Any CPU
		{04D8FBFB-4EC0-42EF-AB95-6D278974B754}.Debug|Any CPU.Build.0 = Debug|Any CPU
		{04D8FBFB-4EC0-42EF-AB95-6D278974B754}.Debug|Any CPU.Deploy.0 = Debug|Any CPU
		{04D8FBFB-4EC0-42EF-AB95-6D278974B754}.Release|Any CPU.ActiveCfg = Release|Any CPU
		{04D8FBFB-4EC0-42EF-AB95-6D278974B754}.Release|Any CPU.Build.0 = Release|Any CPU
		{04D8FBFB-4EC0-42EF-AB95-6D278974B754}.Release|Any CPU.Deploy.0 = Release|Any CPU
	EndGlobalSection
	GlobalSection(SolutionProperties) = preSolution
		HideSolutionNode = FALSE
	EndGlobalSection
EndGlobal
